// !$*UTF8*$!
{
	archiveVersion = 1;
	classes = {
	};
	objectVersion = 56;
	objects = {

/* Begin PBXBuildFile section */
		7D9368B22AD9B34C00A6B972 /* main.swift in Sources */ = {isa = PBXBuildFile; fileRef = 7D9368B12AD9B34C00A6B972 /* main.swift */; };
		7DD664812AE043A80089A7CE /* CTest.cpp in Sources */ = {isa = PBXBuildFile; fileRef = 7DD6647F2AE043A80089A7CE /* CTest.cpp */; };
		7DD664822AE043A80089A7CE /* CTest.hpp in Headers */ = {isa = PBXBuildFile; fileRef = 7DD664802AE043A80089A7CE /* CTest.hpp */; };
		7DD664852AE045380089A7CE /* libCxxTest.dylib in Frameworks */ = {isa = PBXBuildFile; fileRef = 7DD6647A2AE043110089A7CE /* libCxxTest.dylib */; };
		7DD664862AE045380089A7CE /* libCxxTest.dylib in Embed Libraries */ = {isa = PBXBuildFile; fileRef = 7DD6647A2AE043110089A7CE /* libCxxTest.dylib */; settings = {ATTRIBUTES = (CodeSignOnCopy, ); }; };
		7DD664A82AE0497C0089A7CE /* tree.cpp in Sources */ = {isa = PBXBuildFile; fileRef = 7DD664A22AE0497C0089A7CE /* tree.cpp */; };
		7DD664A92AE0497C0089A7CE /* forest.h in Headers */ = {isa = PBXBuildFile; fileRef = 7DD664A42AE0497C0089A7CE /* forest.h */; };
		7DD664AA2AE0497C0089A7CE /* tree.h in Headers */ = {isa = PBXBuildFile; fileRef = 7DD664A52AE0497C0089A7CE /* tree.h */; };
		7DD664AB2AE0497C0089A7CE /* forest.cpp in Sources */ = {isa = PBXBuildFile; fileRef = 7DD664A72AE0497C0089A7CE /* forest.cpp */; };
		7DD664AC2AE04A490089A7CE /* libForestLib.dylib in Frameworks */ = {isa = PBXBuildFile; fileRef = 7DD6648F2AE0487C0089A7CE /* libForestLib.dylib */; };
		7DD664AD2AE04A490089A7CE /* libForestLib.dylib in Embed Libraries */ = {isa = PBXBuildFile; fileRef = 7DD6648F2AE0487C0089A7CE /* libForestLib.dylib */; settings = {ATTRIBUTES = (CodeSignOnCopy, ); }; };
/* End PBXBuildFile section */

/* Begin PBXContainerItemProxy section */
		7DD664872AE045380089A7CE /* PBXContainerItemProxy */ = {
			isa = PBXContainerItemProxy;
			containerPortal = 7D9368A62AD9B34C00A6B972 /* Project object */;
			proxyType = 1;
			remoteGlobalIDString = 7DD664792AE043110089A7CE;
			remoteInfo = CxxTest;
		};
		7DD664AE2AE04A490089A7CE /* PBXContainerItemProxy */ = {
			isa = PBXContainerItemProxy;
			containerPortal = 7D9368A62AD9B34C00A6B972 /* Project object */;
			proxyType = 1;
			remoteGlobalIDString = 7DD6648E2AE0487C0089A7CE;
			remoteInfo = ForestLib;
		};
/* End PBXContainerItemProxy section */

/* Begin PBXCopyFilesBuildPhase section */
		7D9368AC2AD9B34C00A6B972 /* CopyFiles */ = {
			isa = PBXCopyFilesBuildPhase;
			buildActionMask = 2147483647;
			dstPath = /usr/share/man/man1/;
			dstSubfolderSpec = 0;
			files = (
			);
			runOnlyForDeploymentPostprocessing = 1;
		};
		7DD664892AE045380089A7CE /* Embed Libraries */ = {
			isa = PBXCopyFilesBuildPhase;
			buildActionMask = 2147483647;
			dstPath = "";
			dstSubfolderSpec = 10;
			files = (
				7DD664862AE045380089A7CE /* libCxxTest.dylib in Embed Libraries */,
				7DD664AD2AE04A490089A7CE /* libForestLib.dylib in Embed Libraries */,
			);
			name = "Embed Libraries";
			runOnlyForDeploymentPostprocessing = 0;
		};
/* End PBXCopyFilesBuildPhase section */

/* Begin PBXFileReference section */
		7D9368AE2AD9B34C00A6B972 /* Splunge */ = {isa = PBXFileReference; explicitFileType = "compiled.mach-o.executable"; includeInIndex = 0; path = Splunge; sourceTree = BUILT_PRODUCTS_DIR; };
		7D9368B12AD9B34C00A6B972 /* main.swift */ = {isa = PBXFileReference; lastKnownFileType = sourcecode.swift; path = main.swift; sourceTree = "<group>"; };
		7DD6647A2AE043110089A7CE /* libCxxTest.dylib */ = {isa = PBXFileReference; explicitFileType = "compiled.mach-o.dylib"; includeInIndex = 0; path = libCxxTest.dylib; sourceTree = BUILT_PRODUCTS_DIR; };
		7DD6647F2AE043A80089A7CE /* CTest.cpp */ = {isa = PBXFileReference; lastKnownFileType = sourcecode.cpp.cpp; path = CTest.cpp; sourceTree = "<group>"; };
		7DD664802AE043A80089A7CE /* CTest.hpp */ = {isa = PBXFileReference; lastKnownFileType = sourcecode.cpp.h; path = CTest.hpp; sourceTree = "<group>"; };
		7DD664832AE043CA0089A7CE /* module.modulemap */ = {isa = PBXFileReference; lastKnownFileType = "sourcecode.module-map"; path = module.modulemap; sourceTree = "<group>"; };
		7DD6648F2AE0487C0089A7CE /* libForestLib.dylib */ = {isa = PBXFileReference; explicitFileType = "compiled.mach-o.dylib"; includeInIndex = 0; path = libForestLib.dylib; sourceTree = BUILT_PRODUCTS_DIR; };
		7DD664A22AE0497C0089A7CE /* tree.cpp */ = {isa = PBXFileReference; fileEncoding = 4; lastKnownFileType = sourcecode.cpp.cpp; path = tree.cpp; sourceTree = "<group>"; };
		7DD664A42AE0497C0089A7CE /* forest.h */ = {isa = PBXFileReference; fileEncoding = 4; lastKnownFileType = sourcecode.c.h; path = forest.h; sourceTree = "<group>"; };
		7DD664A52AE0497C0089A7CE /* tree.h */ = {isa = PBXFileReference; fileEncoding = 4; lastKnownFileType = sourcecode.c.h; path = tree.h; sourceTree = "<group>"; };
		7DD664A62AE0497C0089A7CE /* module.modulemap */ = {isa = PBXFileReference; fileEncoding = 4; lastKnownFileType = "sourcecode.module-map"; path = module.modulemap; sourceTree = "<group>"; };
		7DD664A72AE0497C0089A7CE /* forest.cpp */ = {isa = PBXFileReference; fileEncoding = 4; lastKnownFileType = sourcecode.cpp.cpp; path = forest.cpp; sourceTree = "<group>"; };
/* End PBXFileReference section */

/* Begin PBXFrameworksBuildPhase section */
		7D9368AB2AD9B34C00A6B972 /* Frameworks */ = {
			isa = PBXFrameworksBuildPhase;
			buildActionMask = 2147483647;
			files = (
				7DD664852AE045380089A7CE /* libCxxTest.dylib in Frameworks */,
				7DD664AC2AE04A490089A7CE /* libForestLib.dylib in Frameworks */,
			);
			runOnlyForDeploymentPostprocessing = 0;
		};
		7DD664782AE043110089A7CE /* Frameworks */ = {
			isa = PBXFrameworksBuildPhase;
			buildActionMask = 2147483647;
			files = (
			);
			runOnlyForDeploymentPostprocessing = 0;
		};
		7DD6648D2AE0487C0089A7CE /* Frameworks */ = {
			isa = PBXFrameworksBuildPhase;
			buildActionMask = 2147483647;
			files = (
			);
			runOnlyForDeploymentPostprocessing = 0;
		};
/* End PBXFrameworksBuildPhase section */

/* Begin PBXGroup section */
		7D9368A52AD9B34C00A6B972 = {
			isa = PBXGroup;
			children = (
				7D9368B02AD9B34C00A6B972 /* Splunge */,
				7DD6647E2AE043670089A7CE /* CxxTest */,
				7DD6648A2AE0485B0089A7CE /* ForestLib */,
				7D9368AF2AD9B34C00A6B972 /* Products */,
				7DD664842AE045380089A7CE /* Frameworks */,
			);
			sourceTree = "<group>";
		};
		7D9368AF2AD9B34C00A6B972 /* Products */ = {
			isa = PBXGroup;
			children = (
				7D9368AE2AD9B34C00A6B972 /* Splunge */,
				7DD6647A2AE043110089A7CE /* libCxxTest.dylib */,
				7DD6648F2AE0487C0089A7CE /* libForestLib.dylib */,
			);
			name = Products;
			sourceTree = "<group>";
		};
		7D9368B02AD9B34C00A6B972 /* Splunge */ = {
			isa = PBXGroup;
			children = (
				7D9368B12AD9B34C00A6B972 /* main.swift */,
			);
			path = Splunge;
			sourceTree = "<group>";
		};
		7DD6647E2AE043670089A7CE /* CxxTest */ = {
			isa = PBXGroup;
			children = (
				7DD6647F2AE043A80089A7CE /* CTest.cpp */,
				7DD664802AE043A80089A7CE /* CTest.hpp */,
				7DD664832AE043CA0089A7CE /* module.modulemap */,
			);
			path = CxxTest;
			sourceTree = "<group>";
		};
		7DD664842AE045380089A7CE /* Frameworks */ = {
			isa = PBXGroup;
			children = (
			);
			name = Frameworks;
			sourceTree = "<group>";
		};
		7DD6648A2AE0485B0089A7CE /* ForestLib */ = {
			isa = PBXGroup;
			children = (
				7DD664A72AE0497C0089A7CE /* forest.cpp */,
				7DD664A32AE0497C0089A7CE /* include */,
				7DD664A22AE0497C0089A7CE /* tree.cpp */,
			);
			path = ForestLib;
			sourceTree = "<group>";
		};
		7DD664A32AE0497C0089A7CE /* include */ = {
			isa = PBXGroup;
			children = (
				7DD664A42AE0497C0089A7CE /* forest.h */,
				7DD664A52AE0497C0089A7CE /* tree.h */,
				7DD664A62AE0497C0089A7CE /* module.modulemap */,
			);
			path = include;
			sourceTree = "<group>";
		};
/* End PBXGroup section */

/* Begin PBXHeadersBuildPhase section */
		7DD664762AE043110089A7CE /* Headers */ = {
			isa = PBXHeadersBuildPhase;
			buildActionMask = 2147483647;
			files = (
				7DD664822AE043A80089A7CE /* CTest.hpp in Headers */,
			);
			runOnlyForDeploymentPostprocessing = 0;
		};
		7DD6648B2AE0487C0089A7CE /* Headers */ = {
			isa = PBXHeadersBuildPhase;
			buildActionMask = 2147483647;
			files = (
				7DD664AA2AE0497C0089A7CE /* tree.h in Headers */,
				7DD664A92AE0497C0089A7CE /* forest.h in Headers */,
			);
			runOnlyForDeploymentPostprocessing = 0;
		};
/* End PBXHeadersBuildPhase section */

/* Begin PBXNativeTarget section */
		7D9368AD2AD9B34C00A6B972 /* Splunge */ = {
			isa = PBXNativeTarget;
			buildConfigurationList = 7D9368B52AD9B34C00A6B972 /* Build configuration list for PBXNativeTarget "Splunge" */;
			buildPhases = (
				7D9368AA2AD9B34C00A6B972 /* Sources */,
				7D9368AB2AD9B34C00A6B972 /* Frameworks */,
				7D9368AC2AD9B34C00A6B972 /* CopyFiles */,
				7DD664892AE045380089A7CE /* Embed Libraries */,
			);
			buildRules = (
			);
			dependencies = (
				7DD664882AE045380089A7CE /* PBXTargetDependency */,
				7DD664AF2AE04A490089A7CE /* PBXTargetDependency */,
			);
			name = Splunge;
			productName = Splunge;
			productReference = 7D9368AE2AD9B34C00A6B972 /* Splunge */;
			productType = "com.apple.product-type.tool";
		};
		7DD664792AE043110089A7CE /* CxxTest */ = {
			isa = PBXNativeTarget;
			buildConfigurationList = 7DD6647D2AE043110089A7CE /* Build configuration list for PBXNativeTarget "CxxTest" */;
			buildPhases = (
				7DD664762AE043110089A7CE /* Headers */,
				7DD664772AE043110089A7CE /* Sources */,
				7DD664782AE043110089A7CE /* Frameworks */,
			);
			buildRules = (
			);
			dependencies = (
			);
			name = CxxTest;
			productName = CxxTest;
			productReference = 7DD6647A2AE043110089A7CE /* libCxxTest.dylib */;
			productType = "com.apple.product-type.library.dynamic";
		};
		7DD6648E2AE0487C0089A7CE /* ForestLib */ = {
			isa = PBXNativeTarget;
			buildConfigurationList = 7DD664902AE0487C0089A7CE /* Build configuration list for PBXNativeTarget "ForestLib" */;
			buildPhases = (
				7DD6648B2AE0487C0089A7CE /* Headers */,
				7DD6648C2AE0487C0089A7CE /* Sources */,
				7DD6648D2AE0487C0089A7CE /* Frameworks */,
			);
			buildRules = (
			);
			dependencies = (
			);
			name = ForestLib;
			productName = ForestLib;
			productReference = 7DD6648F2AE0487C0089A7CE /* libForestLib.dylib */;
			productType = "com.apple.product-type.library.dynamic";
		};
/* End PBXNativeTarget section */

/* Begin PBXProject section */
		7D9368A62AD9B34C00A6B972 /* Project object */ = {
			isa = PBXProject;
			attributes = {
				BuildIndependentTargetsInParallel = 1;
				LastSwiftUpdateCheck = 1500;
				LastUpgradeCheck = 1500;
				TargetAttributes = {
					7D9368AD2AD9B34C00A6B972 = {
						CreatedOnToolsVersion = 15.0;
					};
					7DD664792AE043110089A7CE = {
						CreatedOnToolsVersion = 15.0;
					};
					7DD6648E2AE0487C0089A7CE = {
						CreatedOnToolsVersion = 15.0;
					};
				};
			};
			buildConfigurationList = 7D9368A92AD9B34C00A6B972 /* Build configuration list for PBXProject "Splunge" */;
			compatibilityVersion = "Xcode 14.0";
			developmentRegion = en;
			hasScannedForEncodings = 0;
			knownRegions = (
				en,
				Base,
			);
			mainGroup = 7D9368A52AD9B34C00A6B972;
			productRefGroup = 7D9368AF2AD9B34C00A6B972 /* Products */;
			projectDirPath = "";
			projectRoot = "";
			targets = (
				7D9368AD2AD9B34C00A6B972 /* Splunge */,
				7DD664792AE043110089A7CE /* CxxTest */,
				7DD6648E2AE0487C0089A7CE /* ForestLib */,
			);
		};
/* End PBXProject section */

/* Begin PBXSourcesBuildPhase section */
		7D9368AA2AD9B34C00A6B972 /* Sources */ = {
			isa = PBXSourcesBuildPhase;
			buildActionMask = 2147483647;
			files = (
				7D9368B22AD9B34C00A6B972 /* main.swift in Sources */,
			);
			runOnlyForDeploymentPostprocessing = 0;
		};
		7DD664772AE043110089A7CE /* Sources */ = {
			isa = PBXSourcesBuildPhase;
			buildActionMask = 2147483647;
			files = (
				7DD664812AE043A80089A7CE /* CTest.cpp in Sources */,
			);
			runOnlyForDeploymentPostprocessing = 0;
		};
		7DD6648C2AE0487C0089A7CE /* Sources */ = {
			isa = PBXSourcesBuildPhase;
			buildActionMask = 2147483647;
			files = (
				7DD664AB2AE0497C0089A7CE /* forest.cpp in Sources */,
				7DD664A82AE0497C0089A7CE /* tree.cpp in Sources */,
			);
			runOnlyForDeploymentPostprocessing = 0;
		};
/* End PBXSourcesBuildPhase section */

/* Begin PBXTargetDependency section */
		7DD664882AE045380089A7CE /* PBXTargetDependency */ = {
			isa = PBXTargetDependency;
			target = 7DD664792AE043110089A7CE /* CxxTest */;
			targetProxy = 7DD664872AE045380089A7CE /* PBXContainerItemProxy */;
		};
		7DD664AF2AE04A490089A7CE /* PBXTargetDependency */ = {
			isa = PBXTargetDependency;
			target = 7DD6648E2AE0487C0089A7CE /* ForestLib */;
			targetProxy = 7DD664AE2AE04A490089A7CE /* PBXContainerItemProxy */;
		};
/* End PBXTargetDependency section */

/* Begin XCBuildConfiguration section */
		7D9368B32AD9B34C00A6B972 /* Debug */ = {
			isa = XCBuildConfiguration;
			buildSettings = {
				ALWAYS_SEARCH_USER_PATHS = NO;
				ASSETCATALOG_COMPILER_GENERATE_SWIFT_ASSET_SYMBOL_EXTENSIONS = YES;
				CLANG_ANALYZER_NONNULL = YES;
				CLANG_ANALYZER_NUMBER_OBJECT_CONVERSION = YES_AGGRESSIVE;
				CLANG_CXX_LANGUAGE_STANDARD = "gnu++20";
				CLANG_ENABLE_MODULES = YES;
				CLANG_ENABLE_OBJC_ARC = YES;
				CLANG_ENABLE_OBJC_WEAK = YES;
				CLANG_WARN_BLOCK_CAPTURE_AUTORELEASING = YES;
				CLANG_WARN_BOOL_CONVERSION = YES;
				CLANG_WARN_COMMA = YES;
				CLANG_WARN_CONSTANT_CONVERSION = YES;
				CLANG_WARN_DEPRECATED_OBJC_IMPLEMENTATIONS = YES;
				CLANG_WARN_DIRECT_OBJC_ISA_USAGE = YES_ERROR;
				CLANG_WARN_DOCUMENTATION_COMMENTS = YES;
				CLANG_WARN_EMPTY_BODY = YES;
				CLANG_WARN_ENUM_CONVERSION = YES;
				CLANG_WARN_INFINITE_RECURSION = YES;
				CLANG_WARN_INT_CONVERSION = YES;
				CLANG_WARN_NON_LITERAL_NULL_CONVERSION = YES;
				CLANG_WARN_OBJC_IMPLICIT_RETAIN_SELF = YES;
				CLANG_WARN_OBJC_LITERAL_CONVERSION = YES;
				CLANG_WARN_OBJC_ROOT_CLASS = YES_ERROR;
				CLANG_WARN_QUOTED_INCLUDE_IN_FRAMEWORK_HEADER = YES;
				CLANG_WARN_RANGE_LOOP_ANALYSIS = YES;
				CLANG_WARN_STRICT_PROTOTYPES = YES;
				CLANG_WARN_SUSPICIOUS_MOVE = YES;
				CLANG_WARN_UNGUARDED_AVAILABILITY = YES_AGGRESSIVE;
				CLANG_WARN_UNREACHABLE_CODE = YES;
				CLANG_WARN__DUPLICATE_METHOD_MATCH = YES;
				COPY_PHASE_STRIP = NO;
				DEBUG_INFORMATION_FORMAT = dwarf;
				ENABLE_STRICT_OBJC_MSGSEND = YES;
				ENABLE_TESTABILITY = YES;
				ENABLE_USER_SCRIPT_SANDBOXING = YES;
				GCC_C_LANGUAGE_STANDARD = gnu17;
				GCC_DYNAMIC_NO_PIC = NO;
				GCC_NO_COMMON_BLOCKS = YES;
				GCC_OPTIMIZATION_LEVEL = 0;
				GCC_PREPROCESSOR_DEFINITIONS = (
					"DEBUG=1",
					"$(inherited)",
				);
				GCC_WARN_64_TO_32_BIT_CONVERSION = YES;
				GCC_WARN_ABOUT_RETURN_TYPE = YES_ERROR;
				GCC_WARN_UNDECLARED_SELECTOR = YES;
				GCC_WARN_UNINITIALIZED_AUTOS = YES_AGGRESSIVE;
				GCC_WARN_UNUSED_FUNCTION = YES;
				GCC_WARN_UNUSED_VARIABLE = YES;
				LOCALIZATION_PREFERS_STRING_CATALOGS = YES;
				MACOSX_DEPLOYMENT_TARGET = 13.5;
				MTL_ENABLE_DEBUG_INFO = INCLUDE_SOURCE;
				MTL_FAST_MATH = YES;
				ONLY_ACTIVE_ARCH = YES;
				SDKROOT = macosx;
				SWIFT_ACTIVE_COMPILATION_CONDITIONS = "DEBUG $(inherited)";
				SWIFT_INCLUDE_PATHS = "CxxTest ForestLib";
				SWIFT_OBJC_INTEROP_MODE = objcxx;
				SWIFT_OPTIMIZATION_LEVEL = "-Onone";
			};
			name = Debug;
		};
		7D9368B42AD9B34C00A6B972 /* Release */ = {
			isa = XCBuildConfiguration;
			buildSettings = {
				ALWAYS_SEARCH_USER_PATHS = NO;
				ASSETCATALOG_COMPILER_GENERATE_SWIFT_ASSET_SYMBOL_EXTENSIONS = YES;
				CLANG_ANALYZER_NONNULL = YES;
				CLANG_ANALYZER_NUMBER_OBJECT_CONVERSION = YES_AGGRESSIVE;
				CLANG_CXX_LANGUAGE_STANDARD = "gnu++20";
				CLANG_ENABLE_MODULES = YES;
				CLANG_ENABLE_OBJC_ARC = YES;
				CLANG_ENABLE_OBJC_WEAK = YES;
				CLANG_WARN_BLOCK_CAPTURE_AUTORELEASING = YES;
				CLANG_WARN_BOOL_CONVERSION = YES;
				CLANG_WARN_COMMA = YES;
				CLANG_WARN_CONSTANT_CONVERSION = YES;
				CLANG_WARN_DEPRECATED_OBJC_IMPLEMENTATIONS = YES;
				CLANG_WARN_DIRECT_OBJC_ISA_USAGE = YES_ERROR;
				CLANG_WARN_DOCUMENTATION_COMMENTS = YES;
				CLANG_WARN_EMPTY_BODY = YES;
				CLANG_WARN_ENUM_CONVERSION = YES;
				CLANG_WARN_INFINITE_RECURSION = YES;
				CLANG_WARN_INT_CONVERSION = YES;
				CLANG_WARN_NON_LITERAL_NULL_CONVERSION = YES;
				CLANG_WARN_OBJC_IMPLICIT_RETAIN_SELF = YES;
				CLANG_WARN_OBJC_LITERAL_CONVERSION = YES;
				CLANG_WARN_OBJC_ROOT_CLASS = YES_ERROR;
				CLANG_WARN_QUOTED_INCLUDE_IN_FRAMEWORK_HEADER = YES;
				CLANG_WARN_RANGE_LOOP_ANALYSIS = YES;
				CLANG_WARN_STRICT_PROTOTYPES = YES;
				CLANG_WARN_SUSPICIOUS_MOVE = YES;
				CLANG_WARN_UNGUARDED_AVAILABILITY = YES_AGGRESSIVE;
				CLANG_WARN_UNREACHABLE_CODE = YES;
				CLANG_WARN__DUPLICATE_METHOD_MATCH = YES;
				COPY_PHASE_STRIP = NO;
				DEBUG_INFORMATION_FORMAT = "dwarf-with-dsym";
				ENABLE_NS_ASSERTIONS = NO;
				ENABLE_STRICT_OBJC_MSGSEND = YES;
				ENABLE_USER_SCRIPT_SANDBOXING = YES;
				GCC_C_LANGUAGE_STANDARD = gnu17;
				GCC_NO_COMMON_BLOCKS = YES;
				GCC_WARN_64_TO_32_BIT_CONVERSION = YES;
				GCC_WARN_ABOUT_RETURN_TYPE = YES_ERROR;
				GCC_WARN_UNDECLARED_SELECTOR = YES;
				GCC_WARN_UNINITIALIZED_AUTOS = YES_AGGRESSIVE;
				GCC_WARN_UNUSED_FUNCTION = YES;
				GCC_WARN_UNUSED_VARIABLE = YES;
				LOCALIZATION_PREFERS_STRING_CATALOGS = YES;
				MACOSX_DEPLOYMENT_TARGET = 13.5;
				MTL_ENABLE_DEBUG_INFO = NO;
				MTL_FAST_MATH = YES;
				SDKROOT = macosx;
				SWIFT_COMPILATION_MODE = wholemodule;
				SWIFT_INCLUDE_PATHS = "CxxTest ForestLib";
				SWIFT_OBJC_INTEROP_MODE = objcxx;
			};
			name = Release;
		};
		7D9368B62AD9B34C00A6B972 /* Debug */ = {
			isa = XCBuildConfiguration;
			buildSettings = {
				CODE_SIGN_STYLE = Automatic;
				DEVELOPMENT_TEAM = 2HBB3G8HCG;
				ENABLE_HARDENED_RUNTIME = YES;
				PRODUCT_NAME = "$(TARGET_NAME)";
				SWIFT_VERSION = 5.0;
			};
			name = Debug;
		};
		7D9368B72AD9B34C00A6B972 /* Release */ = {
			isa = XCBuildConfiguration;
			buildSettings = {
				CODE_SIGN_STYLE = Automatic;
				DEVELOPMENT_TEAM = 2HBB3G8HCG;
				ENABLE_HARDENED_RUNTIME = YES;
				PRODUCT_NAME = "$(TARGET_NAME)";
				SWIFT_VERSION = 5.0;
			};
			name = Release;
		};
		7DD6647B2AE043110089A7CE /* Debug */ = {
			isa = XCBuildConfiguration;
			buildSettings = {
				CODE_SIGN_STYLE = Automatic;
				DEVELOPMENT_TEAM = 2HBB3G8HCG;
				DYLIB_COMPATIBILITY_VERSION = 1;
				DYLIB_CURRENT_VERSION = 1;
				EXECUTABLE_PREFIX = lib;
				PRODUCT_NAME = "$(TARGET_NAME)";
				SKIP_INSTALL = YES;
			};
			name = Debug;
		};
		7DD6647C2AE043110089A7CE /* Release */ = {
			isa = XCBuildConfiguration;
			buildSettings = {
				CODE_SIGN_STYLE = Automatic;
				DEVELOPMENT_TEAM = 2HBB3G8HCG;
				DYLIB_COMPATIBILITY_VERSION = 1;
				DYLIB_CURRENT_VERSION = 1;
				EXECUTABLE_PREFIX = lib;
				PRODUCT_NAME = "$(TARGET_NAME)";
				SKIP_INSTALL = YES;
			};
			name = Release;
		};
		7DD664912AE0487C0089A7CE /* Debug */ = {
			isa = XCBuildConfiguration;
			buildSettings = {
				CODE_SIGN_STYLE = Automatic;
				DEVELOPMENT_TEAM = 2HBB3G8HCG;
				DYLIB_COMPATIBILITY_VERSION = 1;
				DYLIB_CURRENT_VERSION = 1;
				EXECUTABLE_PREFIX = lib;
				PRODUCT_NAME = "$(TARGET_NAME)";
				SKIP_INSTALL = YES;
			};
			name = Debug;
		};
		7DD664922AE0487C0089A7CE /* Release */ = {
			isa = XCBuildConfiguration;
			buildSettings = {
				CODE_SIGN_STYLE = Automatic;
				DEVELOPMENT_TEAM = 2HBB3G8HCG;
				DYLIB_COMPATIBILITY_VERSION = 1;
				DYLIB_CURRENT_VERSION = 1;
				EXECUTABLE_PREFIX = lib;
				PRODUCT_NAME = "$(TARGET_NAME)";
				SKIP_INSTALL = YES;
			};
			name = Release;
		};
/* End XCBuildConfiguration section */

/* Begin XCConfigurationList section */
		7D9368A92AD9B34C00A6B972 /* Build configuration list for PBXProject "Splunge" */ = {
			isa = XCConfigurationList;
			buildConfigurations = (
				7D9368B32AD9B34C00A6B972 /* Debug */,
				7D9368B42AD9B34C00A6B972 /* Release */,
			);
			defaultConfigurationIsVisible = 0;
			defaultConfigurationName = Release;
		};
		7D9368B52AD9B34C00A6B972 /* Build configuration list for PBXNativeTarget "Splunge" */ = {
			isa = XCConfigurationList;
			buildConfigurations = (
				7D9368B62AD9B34C00A6B972 /* Debug */,
				7D9368B72AD9B34C00A6B972 /* Release */,
			);
			defaultConfigurationIsVisible = 0;
			defaultConfigurationName = Release;
		};
		7DD6647D2AE043110089A7CE /* Build configuration list for PBXNativeTarget "CxxTest" */ = {
			isa = XCConfigurationList;
			buildConfigurations = (
				7DD6647B2AE043110089A7CE /* Debug */,
				7DD6647C2AE043110089A7CE /* Release */,
			);
			defaultConfigurationIsVisible = 0;
			defaultConfigurationName = Release;
		};
		7DD664902AE0487C0089A7CE /* Build configuration list for PBXNativeTarget "ForestLib" */ = {
			isa = XCConfigurationList;
			buildConfigurations = (
				7DD664912AE0487C0089A7CE /* Debug */,
				7DD664922AE0487C0089A7CE /* Release */,
			);
			defaultConfigurationIsVisible = 0;
			defaultConfigurationName = Release;
		};
/* End XCConfigurationList section */
	};
	rootObject = 7D9368A62AD9B34C00A6B972 /* Project object */;
}
