// !$*UTF8*$!
{
	archiveVersion = 1;
	classes = {
	};
	objectVersion = 56;
	objects = {

/* Begin PBXBuildFile section */
		7D13096929F20CC600EE81B9 /* Projections.swift in Sources */ = {isa = PBXBuildFile; fileRef = 7D13096729F20CC600EE81B9 /* Projections.swift */; };
		7D13096A29F20CC600EE81B9 /* Projections.xib in Resources */ = {isa = PBXBuildFile; fileRef = 7D13096829F20CC600EE81B9 /* Projections.xib */; };
		7D93A00629E795490087F375 /* AppDelegate.m in Sources */ = {isa = PBXBuildFile; fileRef = 7D93A00529E795490087F375 /* AppDelegate.m */; };
		7D93A00829E7954C0087F375 /* Assets.xcassets in Resources */ = {isa = PBXBuildFile; fileRef = 7D93A00729E7954C0087F375 /* Assets.xcassets */; };
		7D93A00B29E7954C0087F375 /* MainMenu.xib in Resources */ = {isa = PBXBuildFile; fileRef = 7D93A00929E7954C0087F375 /* MainMenu.xib */; };
		7D93A00D29E7954C0087F375 /* main.m in Sources */ = {isa = PBXBuildFile; fileRef = 7D93A00C29E7954C0087F375 /* main.m */; };
		7D93A01729E7A2010087F375 /* vectors.cpp in Sources */ = {isa = PBXBuildFile; fileRef = 7D93A01629E7A2010087F375 /* vectors.cpp */; };
		7D93A01B29EC7D9D0087F375 /* Vectors.swift in Sources */ = {isa = PBXBuildFile; fileRef = 7D93A01A29EC7D9D0087F375 /* Vectors.swift */; };
		7D93A02A29EC85560087F375 /* VectorsTest.swift in Sources */ = {isa = PBXBuildFile; fileRef = 7D93A02929EC85560087F375 /* VectorsTest.swift */; };
/* End PBXBuildFile section */

/* Begin PBXContainerItemProxy section */
		7D93A02429EC85360087F375 /* PBXContainerItemProxy */ = {
			isa = PBXContainerItemProxy;
			containerPortal = 7D939FF929E795490087F375 /* Project object */;
			proxyType = 1;
			remoteGlobalIDString = 7D93A00029E795490087F375;
			remoteInfo = MathsFun;
		};
/* End PBXContainerItemProxy section */

/* Begin PBXFileReference section */
		7D13096729F20CC600EE81B9 /* Projections.swift */ = {isa = PBXFileReference; lastKnownFileType = sourcecode.swift; path = Projections.swift; sourceTree = "<group>"; };
		7D13096829F20CC600EE81B9 /* Projections.xib */ = {isa = PBXFileReference; lastKnownFileType = file.xib; path = Projections.xib; sourceTree = "<group>"; };
		7D93A00129E795490087F375 /* MathsFun.app */ = {isa = PBXFileReference; explicitFileType = wrapper.application; includeInIndex = 0; path = MathsFun.app; sourceTree = BUILT_PRODUCTS_DIR; };
		7D93A00429E795490087F375 /* AppDelegate.h */ = {isa = PBXFileReference; lastKnownFileType = sourcecode.c.h; path = AppDelegate.h; sourceTree = "<group>"; };
		7D93A00529E795490087F375 /* AppDelegate.m */ = {isa = PBXFileReference; explicitFileType = sourcecode.cpp.objcpp; path = AppDelegate.m; sourceTree = "<group>"; };
		7D93A00729E7954C0087F375 /* Assets.xcassets */ = {isa = PBXFileReference; lastKnownFileType = folder.assetcatalog; path = Assets.xcassets; sourceTree = "<group>"; };
		7D93A00A29E7954C0087F375 /* Base */ = {isa = PBXFileReference; lastKnownFileType = file.xib; name = Base; path = Base.lproj/MainMenu.xib; sourceTree = "<group>"; };
		7D93A00C29E7954C0087F375 /* main.m */ = {isa = PBXFileReference; lastKnownFileType = sourcecode.c.objc; path = main.m; sourceTree = "<group>"; };
		7D93A00E29E7954C0087F375 /* MathsFun.entitlements */ = {isa = PBXFileReference; lastKnownFileType = text.plist.entitlements; path = MathsFun.entitlements; sourceTree = "<group>"; };
		7D93A01529E79E6A0087F375 /* vectors.h */ = {isa = PBXFileReference; lastKnownFileType = sourcecode.c.h; name = vectors.h; path = cppLib/vectors.h; sourceTree = "<group>"; };
		7D93A01629E7A2010087F375 /* vectors.cpp */ = {isa = PBXFileReference; fileEncoding = 4; lastKnownFileType = sourcecode.cpp.cpp; name = vectors.cpp; path = cppLib/vectors.cpp; sourceTree = "<group>"; };
		7D93A01929EC7D9D0087F375 /* MathsFun-Bridging-Header.h */ = {isa = PBXFileReference; lastKnownFileType = sourcecode.c.h; path = "MathsFun-Bridging-Header.h"; sourceTree = "<group>"; };
		7D93A01A29EC7D9D0087F375 /* Vectors.swift */ = {isa = PBXFileReference; fileEncoding = 4; lastKnownFileType = sourcecode.swift; name = Vectors.swift; path = swiftLib/Vectors.swift; sourceTree = "<group>"; };
		7D93A02029EC85360087F375 /* MathsFunTests.xctest */ = {isa = PBXFileReference; explicitFileType = wrapper.cfbundle; includeInIndex = 0; path = MathsFunTests.xctest; sourceTree = BUILT_PRODUCTS_DIR; };
		7D93A02929EC85560087F375 /* VectorsTest.swift */ = {isa = PBXFileReference; fileEncoding = 4; lastKnownFileType = sourcecode.swift; name = VectorsTest.swift; path = MathsFun/swiftLib/VectorsTest.swift; sourceTree = SOURCE_ROOT; };
/* End PBXFileReference section */

/* Begin PBXFrameworksBuildPhase section */
		7D939FFE29E795490087F375 /* Frameworks */ = {
			isa = PBXFrameworksBuildPhase;
			buildActionMask = 2147483647;
			files = (
			);
			runOnlyForDeploymentPostprocessing = 0;
		};
		7D93A01D29EC85360087F375 /* Frameworks */ = {
			isa = PBXFrameworksBuildPhase;
			buildActionMask = 2147483647;
			files = (
			);
			runOnlyForDeploymentPostprocessing = 0;
		};
/* End PBXFrameworksBuildPhase section */

/* Begin PBXGroup section */
		7D939FF829E795490087F375 = {
			isa = PBXGroup;
			children = (
				7D93A00329E795490087F375 /* MathsFun */,
				7D93A02129EC85360087F375 /* MathsFunTests */,
				7D93A00229E795490087F375 /* Products */,
			);
			sourceTree = "<group>";
		};
		7D93A00229E795490087F375 /* Products */ = {
			isa = PBXGroup;
			children = (
				7D93A00129E795490087F375 /* MathsFun.app */,
				7D93A02029EC85360087F375 /* MathsFunTests.xctest */,
			);
			name = Products;
			sourceTree = "<group>";
		};
		7D93A00329E795490087F375 /* MathsFun */ = {
			isa = PBXGroup;
			children = (
				7D93A01829EC7D8C0087F375 /* SwiftLib */,
				7D93A01429E79E500087F375 /* CppLib */,
				7D93A00429E795490087F375 /* AppDelegate.h */,
				7D93A00529E795490087F375 /* AppDelegate.m */,
				7D93A00729E7954C0087F375 /* Assets.xcassets */,
				7D93A00929E7954C0087F375 /* MainMenu.xib */,
				7D93A00C29E7954C0087F375 /* main.m */,
				7D93A00E29E7954C0087F375 /* MathsFun.entitlements */,
				7D13096729F20CC600EE81B9 /* Projections.swift */,
				7D13096829F20CC600EE81B9 /* Projections.xib */,
			);
			path = MathsFun;
			sourceTree = "<group>";
		};
		7D93A01429E79E500087F375 /* CppLib */ = {
			isa = PBXGroup;
			children = (
				7D93A01529E79E6A0087F375 /* vectors.h */,
				7D93A01629E7A2010087F375 /* vectors.cpp */,
			);
			name = CppLib;
			sourceTree = "<group>";
		};
		7D93A01829EC7D8C0087F375 /* SwiftLib */ = {
			isa = PBXGroup;
			children = (
				7D93A01A29EC7D9D0087F375 /* Vectors.swift */,
				7D93A01929EC7D9D0087F375 /* MathsFun-Bridging-Header.h */,
			);
			name = SwiftLib;
			sourceTree = "<group>";
		};
		7D93A02129EC85360087F375 /* MathsFunTests */ = {
			isa = PBXGroup;
			children = (
				7D93A02929EC85560087F375 /* VectorsTest.swift */,
			);
			path = MathsFunTests;
			sourceTree = "<group>";
		};
/* End PBXGroup section */

/* Begin PBXNativeTarget section */
		7D93A00029E795490087F375 /* MathsFun */ = {
			isa = PBXNativeTarget;
			buildConfigurationList = 7D93A01129E7954C0087F375 /* Build configuration list for PBXNativeTarget "MathsFun" */;
			buildPhases = (
				7D939FFD29E795490087F375 /* Sources */,
				7D939FFE29E795490087F375 /* Frameworks */,
				7D939FFF29E795490087F375 /* Resources */,
			);
			buildRules = (
			);
			dependencies = (
			);
			name = MathsFun;
			productName = MathsFun;
			productReference = 7D93A00129E795490087F375 /* MathsFun.app */;
			productType = "com.apple.product-type.application";
		};
		7D93A01F29EC85360087F375 /* MathsFunTests */ = {
			isa = PBXNativeTarget;
			buildConfigurationList = 7D93A02629EC85360087F375 /* Build configuration list for PBXNativeTarget "MathsFunTests" */;
			buildPhases = (
				7D93A01C29EC85360087F375 /* Sources */,
				7D93A01D29EC85360087F375 /* Frameworks */,
				7D93A01E29EC85360087F375 /* Resources */,
			);
			buildRules = (
			);
			dependencies = (
				7D93A02529EC85360087F375 /* PBXTargetDependency */,
			);
			name = MathsFunTests;
			productName = MathsFunTests;
			productReference = 7D93A02029EC85360087F375 /* MathsFunTests.xctest */;
			productType = "com.apple.product-type.bundle.unit-test";
		};
/* End PBXNativeTarget section */

/* Begin PBXProject section */
		7D939FF929E795490087F375 /* Project object */ = {
			isa = PBXProject;
			attributes = {
				BuildIndependentTargetsInParallel = 1;
				LastSwiftUpdateCheck = 1400;
				LastUpgradeCheck = 1400;
				TargetAttributes = {
					7D93A00029E795490087F375 = {
						CreatedOnToolsVersion = 14.0.1;
						LastSwiftMigration = 1400;
					};
					7D93A01F29EC85360087F375 = {
						CreatedOnToolsVersion = 14.0.1;
						TestTargetID = 7D93A00029E795490087F375;
					};
				};
			};
			buildConfigurationList = 7D939FFC29E795490087F375 /* Build configuration list for PBXProject "MathsFun" */;
			compatibilityVersion = "Xcode 14.0";
			developmentRegion = en;
			hasScannedForEncodings = 0;
			knownRegions = (
				en,
				Base,
			);
			mainGroup = 7D939FF829E795490087F375;
			productRefGroup = 7D93A00229E795490087F375 /* Products */;
			projectDirPath = "";
			projectRoot = "";
			targets = (
				7D93A00029E795490087F375 /* MathsFun */,
				7D93A01F29EC85360087F375 /* MathsFunTests */,
			);
		};
/* End PBXProject section */

/* Begin PBXResourcesBuildPhase section */
		7D939FFF29E795490087F375 /* Resources */ = {
			isa = PBXResourcesBuildPhase;
			buildActionMask = 2147483647;
			files = (
				7D13096A29F20CC600EE81B9 /* Projections.xib in Resources */,
				7D93A00829E7954C0087F375 /* Assets.xcassets in Resources */,
				7D93A00B29E7954C0087F375 /* MainMenu.xib in Resources */,
			);
			runOnlyForDeploymentPostprocessing = 0;
		};
		7D93A01E29EC85360087F375 /* Resources */ = {
			isa = PBXResourcesBuildPhase;
			buildActionMask = 2147483647;
			files = (
			);
			runOnlyForDeploymentPostprocessing = 0;
		};
/* End PBXResourcesBuildPhase section */

/* Begin PBXSourcesBuildPhase section */
		7D939FFD29E795490087F375 /* Sources */ = {
			isa = PBXSourcesBuildPhase;
			buildActionMask = 2147483647;
			files = (
				7D93A00D29E7954C0087F375 /* main.m in Sources */,
				7D13096929F20CC600EE81B9 /* Projections.swift in Sources */,
				7D93A01729E7A2010087F375 /* vectors.cpp in Sources */,
				7D93A01B29EC7D9D0087F375 /* Vectors.swift in Sources */,
				7D93A00629E795490087F375 /* AppDelegate.m in Sources */,
			);
			runOnlyForDeploymentPostprocessing = 0;
		};
		7D93A01C29EC85360087F375 /* Sources */ = {
			isa = PBXSourcesBuildPhase;
			buildActionMask = 2147483647;
			files = (
				7D93A02A29EC85560087F375 /* VectorsTest.swift in Sources */,
			);
			runOnlyForDeploymentPostprocessing = 0;
		};
/* End PBXSourcesBuildPhase section */

/* Begin PBXTargetDependency section */
		7D93A02529EC85360087F375 /* PBXTargetDependency */ = {
			isa = PBXTargetDependency;
			target = 7D93A00029E795490087F375 /* MathsFun */;
			targetProxy = 7D93A02429EC85360087F375 /* PBXContainerItemProxy */;
		};
/* End PBXTargetDependency section */

/* Begin PBXVariantGroup section */
		7D93A00929E7954C0087F375 /* MainMenu.xib */ = {
			isa = PBXVariantGroup;
			children = (
				7D93A00A29E7954C0087F375 /* Base */,
			);
			name = MainMenu.xib;
			sourceTree = "<group>";
		};
/* End PBXVariantGroup section */

/* Begin XCBuildConfiguration section */
		7D93A00F29E7954C0087F375 /* Debug */ = {
			isa = XCBuildConfiguration;
			buildSettings = {
				ALWAYS_SEARCH_USER_PATHS = NO;
				CLANG_ANALYZER_NONNULL = YES;
				CLANG_ANALYZER_NUMBER_OBJECT_CONVERSION = YES_AGGRESSIVE;
				CLANG_CXX_LANGUAGE_STANDARD = "gnu++20";
				CLANG_ENABLE_MODULES = YES;
				CLANG_ENABLE_OBJC_ARC = YES;
				CLANG_ENABLE_OBJC_WEAK = YES;
				CLANG_WARN_BLOCK_CAPTURE_AUTORELEASING = YES;
				CLANG_WARN_BOOL_CONVERSION = YES;
				CLANG_WARN_COMMA = YES;
				CLANG_WARN_CONSTANT_CONVERSION = YES;
				CLANG_WARN_DEPRECATED_OBJC_IMPLEMENTATIONS = YES;
				CLANG_WARN_DIRECT_OBJC_ISA_USAGE = YES_ERROR;
				CLANG_WARN_DOCUMENTATION_COMMENTS = YES;
				CLANG_WARN_EMPTY_BODY = YES;
				CLANG_WARN_ENUM_CONVERSION = YES;
				CLANG_WARN_INFINITE_RECURSION = YES;
				CLANG_WARN_INT_CONVERSION = YES;
				CLANG_WARN_NON_LITERAL_NULL_CONVERSION = YES;
				CLANG_WARN_OBJC_IMPLICIT_RETAIN_SELF = YES;
				CLANG_WARN_OBJC_LITERAL_CONVERSION = YES;
				CLANG_WARN_OBJC_ROOT_CLASS = YES_ERROR;
				CLANG_WARN_QUOTED_INCLUDE_IN_FRAMEWORK_HEADER = YES;
				CLANG_WARN_RANGE_LOOP_ANALYSIS = YES;
				CLANG_WARN_STRICT_PROTOTYPES = YES;
				CLANG_WARN_SUSPICIOUS_MOVE = YES;
				CLANG_WARN_UNGUARDED_AVAILABILITY = YES_AGGRESSIVE;
				CLANG_WARN_UNREACHABLE_CODE = YES;
				CLANG_WARN__DUPLICATE_METHOD_MATCH = YES;
				COPY_PHASE_STRIP = NO;
				DEBUG_INFORMATION_FORMAT = dwarf;
				ENABLE_STRICT_OBJC_MSGSEND = YES;
				ENABLE_TESTABILITY = YES;
				GCC_C_LANGUAGE_STANDARD = gnu11;
				GCC_DYNAMIC_NO_PIC = NO;
				GCC_NO_COMMON_BLOCKS = YES;
				GCC_OPTIMIZATION_LEVEL = 0;
				GCC_PREPROCESSOR_DEFINITIONS = (
					"DEBUG=1",
					"$(inherited)",
				);
				GCC_WARN_64_TO_32_BIT_CONVERSION = YES;
				GCC_WARN_ABOUT_RETURN_TYPE = YES_ERROR;
				GCC_WARN_UNDECLARED_SELECTOR = YES;
				GCC_WARN_UNINITIALIZED_AUTOS = YES_AGGRESSIVE;
				GCC_WARN_UNUSED_FUNCTION = YES;
				GCC_WARN_UNUSED_VARIABLE = YES;
				MACOSX_DEPLOYMENT_TARGET = 12.3;
				MTL_ENABLE_DEBUG_INFO = INCLUDE_SOURCE;
				MTL_FAST_MATH = YES;
				ONLY_ACTIVE_ARCH = YES;
				SDKROOT = macosx;
			};
			name = Debug;
		};
		7D93A01029E7954C0087F375 /* Release */ = {
			isa = XCBuildConfiguration;
			buildSettings = {
				ALWAYS_SEARCH_USER_PATHS = NO;
				CLANG_ANALYZER_NONNULL = YES;
				CLANG_ANALYZER_NUMBER_OBJECT_CONVERSION = YES_AGGRESSIVE;
				CLANG_CXX_LANGUAGE_STANDARD = "gnu++20";
				CLANG_ENABLE_MODULES = YES;
				CLANG_ENABLE_OBJC_ARC = YES;
				CLANG_ENABLE_OBJC_WEAK = YES;
				CLANG_WARN_BLOCK_CAPTURE_AUTORELEASING = YES;
				CLANG_WARN_BOOL_CONVERSION = YES;
				CLANG_WARN_COMMA = YES;
				CLANG_WARN_CONSTANT_CONVERSION = YES;
				CLANG_WARN_DEPRECATED_OBJC_IMPLEMENTATIONS = YES;
				CLANG_WARN_DIRECT_OBJC_ISA_USAGE = YES_ERROR;
				CLANG_WARN_DOCUMENTATION_COMMENTS = YES;
				CLANG_WARN_EMPTY_BODY = YES;
				CLANG_WARN_ENUM_CONVERSION = YES;
				CLANG_WARN_INFINITE_RECURSION = YES;
				CLANG_WARN_INT_CONVERSION = YES;
				CLANG_WARN_NON_LITERAL_NULL_CONVERSION = YES;
				CLANG_WARN_OBJC_IMPLICIT_RETAIN_SELF = YES;
				CLANG_WARN_OBJC_LITERAL_CONVERSION = YES;
				CLANG_WARN_OBJC_ROOT_CLASS = YES_ERROR;
				CLANG_WARN_QUOTED_INCLUDE_IN_FRAMEWORK_HEADER = YES;
				CLANG_WARN_RANGE_LOOP_ANALYSIS = YES;
				CLANG_WARN_STRICT_PROTOTYPES = YES;
				CLANG_WARN_SUSPICIOUS_MOVE = YES;
				CLANG_WARN_UNGUARDED_AVAILABILITY = YES_AGGRESSIVE;
				CLANG_WARN_UNREACHABLE_CODE = YES;
				CLANG_WARN__DUPLICATE_METHOD_MATCH = YES;
				COPY_PHASE_STRIP = NO;
				DEBUG_INFORMATION_FORMAT = "dwarf-with-dsym";
				ENABLE_NS_ASSERTIONS = NO;
				ENABLE_STRICT_OBJC_MSGSEND = YES;
				GCC_C_LANGUAGE_STANDARD = gnu11;
				GCC_NO_COMMON_BLOCKS = YES;
				GCC_WARN_64_TO_32_BIT_CONVERSION = YES;
				GCC_WARN_ABOUT_RETURN_TYPE = YES_ERROR;
				GCC_WARN_UNDECLARED_SELECTOR = YES;
				GCC_WARN_UNINITIALIZED_AUTOS = YES_AGGRESSIVE;
				GCC_WARN_UNUSED_FUNCTION = YES;
				GCC_WARN_UNUSED_VARIABLE = YES;
				MACOSX_DEPLOYMENT_TARGET = 12.3;
				MTL_ENABLE_DEBUG_INFO = NO;
				MTL_FAST_MATH = YES;
				SDKROOT = macosx;
			};
			name = Release;
		};
		7D93A01229E7954C0087F375 /* Debug */ = {
			isa = XCBuildConfiguration;
			buildSettings = {
				ASSETCATALOG_COMPILER_APPICON_NAME = AppIcon;
				ASSETCATALOG_COMPILER_GLOBAL_ACCENT_COLOR_NAME = AccentColor;
				CLANG_ENABLE_MODULES = YES;
				CODE_SIGN_ENTITLEMENTS = MathsFun/MathsFun.entitlements;
				CODE_SIGN_STYLE = Automatic;
				COMBINE_HIDPI_IMAGES = YES;
				CURRENT_PROJECT_VERSION = 1;
				DEVELOPMENT_TEAM = 2HBB3G8HCG;
				ENABLE_HARDENED_RUNTIME = YES;
				GENERATE_INFOPLIST_FILE = YES;
				INFOPLIST_KEY_NSHumanReadableCopyright = "";
				INFOPLIST_KEY_NSMainNibFile = MainMenu;
				INFOPLIST_KEY_NSPrincipalClass = NSApplication;
				LD_RUNPATH_SEARCH_PATHS = (
					"$(inherited)",
					"@executable_path/../Frameworks",
				);
				MARKETING_VERSION = 1.0;
				PRODUCT_BUNDLE_IDENTIFIER = com.borkware.MathsFun;
				PRODUCT_NAME = "$(TARGET_NAME)";
				SWIFT_EMIT_LOC_STRINGS = YES;
				SWIFT_OBJC_BRIDGING_HEADER = "MathsFun/MathsFun-Bridging-Header.h";
				SWIFT_OPTIMIZATION_LEVEL = "-Onone";
				SWIFT_VERSION = 5.0;
			};
			name = Debug;
		};
		7D93A01329E7954C0087F375 /* Release */ = {
			isa = XCBuildConfiguration;
			buildSettings = {
				ASSETCATALOG_COMPILER_APPICON_NAME = AppIcon;
				ASSETCATALOG_COMPILER_GLOBAL_ACCENT_COLOR_NAME = AccentColor;
				CLANG_ENABLE_MODULES = YES;
				CODE_SIGN_ENTITLEMENTS = MathsFun/MathsFun.entitlements;
				CODE_SIGN_STYLE = Automatic;
				COMBINE_HIDPI_IMAGES = YES;
				CURRENT_PROJECT_VERSION = 1;
				DEVELOPMENT_TEAM = 2HBB3G8HCG;
				ENABLE_HARDENED_RUNTIME = YES;
				GENERATE_INFOPLIST_FILE = YES;
				INFOPLIST_KEY_NSHumanReadableCopyright = "";
				INFOPLIST_KEY_NSMainNibFile = MainMenu;
				INFOPLIST_KEY_NSPrincipalClass = NSApplication;
				LD_RUNPATH_SEARCH_PATHS = (
					"$(inherited)",
					"@executable_path/../Frameworks",
				);
				MARKETING_VERSION = 1.0;
				PRODUCT_BUNDLE_IDENTIFIER = com.borkware.MathsFun;
				PRODUCT_NAME = "$(TARGET_NAME)";
				SWIFT_EMIT_LOC_STRINGS = YES;
				SWIFT_OBJC_BRIDGING_HEADER = "MathsFun/MathsFun-Bridging-Header.h";
				SWIFT_VERSION = 5.0;
			};
			name = Release;
		};
		7D93A02729EC85360087F375 /* Debug */ = {
			isa = XCBuildConfiguration;
			buildSettings = {
				BUNDLE_LOADER = "$(TEST_HOST)";
				CODE_SIGN_STYLE = Automatic;
				CURRENT_PROJECT_VERSION = 1;
				DEVELOPMENT_TEAM = 2HBB3G8HCG;
				GENERATE_INFOPLIST_FILE = YES;
				MARKETING_VERSION = 1.0;
				PRODUCT_BUNDLE_IDENTIFIER = com.borkware.MathsFunTests;
				PRODUCT_NAME = "$(TARGET_NAME)";
				SWIFT_ACTIVE_COMPILATION_CONDITIONS = DEBUG;
				SWIFT_EMIT_LOC_STRINGS = NO;
				SWIFT_OPTIMIZATION_LEVEL = "-Onone";
				SWIFT_VERSION = 5.0;
				TEST_HOST = "$(BUILT_PRODUCTS_DIR)/MathsFun.app/$(BUNDLE_EXECUTABLE_FOLDER_PATH)/MathsFun";
			};
			name = Debug;
		};
		7D93A02829EC85360087F375 /* Release */ = {
			isa = XCBuildConfiguration;
			buildSettings = {
				BUNDLE_LOADER = "$(TEST_HOST)";
				CODE_SIGN_STYLE = Automatic;
				CURRENT_PROJECT_VERSION = 1;
				DEVELOPMENT_TEAM = 2HBB3G8HCG;
				GENERATE_INFOPLIST_FILE = YES;
				MARKETING_VERSION = 1.0;
				PRODUCT_BUNDLE_IDENTIFIER = com.borkware.MathsFunTests;
				PRODUCT_NAME = "$(TARGET_NAME)";
				SWIFT_COMPILATION_MODE = wholemodule;
				SWIFT_EMIT_LOC_STRINGS = NO;
				SWIFT_OPTIMIZATION_LEVEL = "-O";
				SWIFT_VERSION = 5.0;
				TEST_HOST = "$(BUILT_PRODUCTS_DIR)/MathsFun.app/$(BUNDLE_EXECUTABLE_FOLDER_PATH)/MathsFun";
			};
			name = Release;
		};
/* End XCBuildConfiguration section */

/* Begin XCConfigurationList section */
		7D939FFC29E795490087F375 /* Build configuration list for PBXProject "MathsFun" */ = {
			isa = XCConfigurationList;
			buildConfigurations = (
				7D93A00F29E7954C0087F375 /* Debug */,
				7D93A01029E7954C0087F375 /* Release */,
			);
			defaultConfigurationIsVisible = 0;
			defaultConfigurationName = Release;
		};
		7D93A01129E7954C0087F375 /* Build configuration list for PBXNativeTarget "MathsFun" */ = {
			isa = XCConfigurationList;
			buildConfigurations = (
				7D93A01229E7954C0087F375 /* Debug */,
				7D93A01329E7954C0087F375 /* Release */,
			);
			defaultConfigurationIsVisible = 0;
			defaultConfigurationName = Release;
		};
		7D93A02629EC85360087F375 /* Build configuration list for PBXNativeTarget "MathsFunTests" */ = {
			isa = XCConfigurationList;
			buildConfigurations = (
				7D93A02729EC85360087F375 /* Debug */,
				7D93A02829EC85360087F375 /* Release */,
			);
			defaultConfigurationIsVisible = 0;
			defaultConfigurationName = Release;
		};
/* End XCConfigurationList section */
	};
	rootObject = 7D939FF929E795490087F375 /* Project object */;
}
