// !$*UTF8*$!
{
	archiveVersion = 1;
	classes = {
	};
	objectVersion = 56;
	objects = {

/* Begin PBXBuildFile section */
		7DBC35FF2959F38A00AB3A73 /* AppDelegate.swift in Sources */ = {isa = PBXBuildFile; fileRef = 7DBC35FE2959F38A00AB3A73 /* AppDelegate.swift */; };
		7DBC36012959F38A00AB3A73 /* ViewController.swift in Sources */ = {isa = PBXBuildFile; fileRef = 7DBC36002959F38A00AB3A73 /* ViewController.swift */; };
		7DBC36032959F38A00AB3A73 /* Assets.xcassets in Resources */ = {isa = PBXBuildFile; fileRef = 7DBC36022959F38A00AB3A73 /* Assets.xcassets */; };
		7DBC36062959F38A00AB3A73 /* Main.storyboard in Resources */ = {isa = PBXBuildFile; fileRef = 7DBC36042959F38A00AB3A73 /* Main.storyboard */; };
		7DBC36112959F38B00AB3A73 /* DungeonOOPTests.swift in Sources */ = {isa = PBXBuildFile; fileRef = 7DBC36102959F38B00AB3A73 /* DungeonOOPTests.swift */; };
		7DBC361B2959F38B00AB3A73 /* DungeonOOPUITests.swift in Sources */ = {isa = PBXBuildFile; fileRef = 7DBC361A2959F38B00AB3A73 /* DungeonOOPUITests.swift */; };
		7DBC361D2959F38B00AB3A73 /* DungeonOOPUITestsLaunchTests.swift in Sources */ = {isa = PBXBuildFile; fileRef = 7DBC361C2959F38B00AB3A73 /* DungeonOOPUITestsLaunchTests.swift */; };
/* End PBXBuildFile section */

/* Begin PBXContainerItemProxy section */
		7DBC360D2959F38B00AB3A73 /* PBXContainerItemProxy */ = {
			isa = PBXContainerItemProxy;
			containerPortal = 7DBC35F32959F38A00AB3A73 /* Project object */;
			proxyType = 1;
			remoteGlobalIDString = 7DBC35FA2959F38A00AB3A73;
			remoteInfo = DungeonOOP;
		};
		7DBC36172959F38B00AB3A73 /* PBXContainerItemProxy */ = {
			isa = PBXContainerItemProxy;
			containerPortal = 7DBC35F32959F38A00AB3A73 /* Project object */;
			proxyType = 1;
			remoteGlobalIDString = 7DBC35FA2959F38A00AB3A73;
			remoteInfo = DungeonOOP;
		};
/* End PBXContainerItemProxy section */

/* Begin PBXFileReference section */
		7DBC35FB2959F38A00AB3A73 /* DungeonOOP.app */ = {isa = PBXFileReference; explicitFileType = wrapper.application; includeInIndex = 0; path = DungeonOOP.app; sourceTree = BUILT_PRODUCTS_DIR; };
		7DBC35FE2959F38A00AB3A73 /* AppDelegate.swift */ = {isa = PBXFileReference; lastKnownFileType = sourcecode.swift; path = AppDelegate.swift; sourceTree = "<group>"; };
		7DBC36002959F38A00AB3A73 /* ViewController.swift */ = {isa = PBXFileReference; lastKnownFileType = sourcecode.swift; path = ViewController.swift; sourceTree = "<group>"; };
		7DBC36022959F38A00AB3A73 /* Assets.xcassets */ = {isa = PBXFileReference; lastKnownFileType = folder.assetcatalog; path = Assets.xcassets; sourceTree = "<group>"; };
		7DBC36052959F38A00AB3A73 /* Base */ = {isa = PBXFileReference; lastKnownFileType = file.storyboard; name = Base; path = Base.lproj/Main.storyboard; sourceTree = "<group>"; };
		7DBC36072959F38A00AB3A73 /* DungeonOOP.entitlements */ = {isa = PBXFileReference; lastKnownFileType = text.plist.entitlements; path = DungeonOOP.entitlements; sourceTree = "<group>"; };
		7DBC360C2959F38B00AB3A73 /* DungeonOOPTests.xctest */ = {isa = PBXFileReference; explicitFileType = wrapper.cfbundle; includeInIndex = 0; path = DungeonOOPTests.xctest; sourceTree = BUILT_PRODUCTS_DIR; };
		7DBC36102959F38B00AB3A73 /* DungeonOOPTests.swift */ = {isa = PBXFileReference; lastKnownFileType = sourcecode.swift; path = DungeonOOPTests.swift; sourceTree = "<group>"; };
		7DBC36162959F38B00AB3A73 /* DungeonOOPUITests.xctest */ = {isa = PBXFileReference; explicitFileType = wrapper.cfbundle; includeInIndex = 0; path = DungeonOOPUITests.xctest; sourceTree = BUILT_PRODUCTS_DIR; };
		7DBC361A2959F38B00AB3A73 /* DungeonOOPUITests.swift */ = {isa = PBXFileReference; lastKnownFileType = sourcecode.swift; path = DungeonOOPUITests.swift; sourceTree = "<group>"; };
		7DBC361C2959F38B00AB3A73 /* DungeonOOPUITestsLaunchTests.swift */ = {isa = PBXFileReference; lastKnownFileType = sourcecode.swift; path = DungeonOOPUITestsLaunchTests.swift; sourceTree = "<group>"; };
/* End PBXFileReference section */

/* Begin PBXFrameworksBuildPhase section */
		7DBC35F82959F38A00AB3A73 /* Frameworks */ = {
			isa = PBXFrameworksBuildPhase;
			buildActionMask = 2147483647;
			files = (
			);
			runOnlyForDeploymentPostprocessing = 0;
		};
		7DBC36092959F38B00AB3A73 /* Frameworks */ = {
			isa = PBXFrameworksBuildPhase;
			buildActionMask = 2147483647;
			files = (
			);
			runOnlyForDeploymentPostprocessing = 0;
		};
		7DBC36132959F38B00AB3A73 /* Frameworks */ = {
			isa = PBXFrameworksBuildPhase;
			buildActionMask = 2147483647;
			files = (
			);
			runOnlyForDeploymentPostprocessing = 0;
		};
/* End PBXFrameworksBuildPhase section */

/* Begin PBXGroup section */
		7DBC35F22959F38A00AB3A73 = {
			isa = PBXGroup;
			children = (
				7DBC35FD2959F38A00AB3A73 /* DungeonOOP */,
				7DBC360F2959F38B00AB3A73 /* DungeonOOPTests */,
				7DBC36192959F38B00AB3A73 /* DungeonOOPUITests */,
				7DBC35FC2959F38A00AB3A73 /* Products */,
			);
			sourceTree = "<group>";
		};
		7DBC35FC2959F38A00AB3A73 /* Products */ = {
			isa = PBXGroup;
			children = (
				7DBC35FB2959F38A00AB3A73 /* DungeonOOP.app */,
				7DBC360C2959F38B00AB3A73 /* DungeonOOPTests.xctest */,
				7DBC36162959F38B00AB3A73 /* DungeonOOPUITests.xctest */,
			);
			name = Products;
			sourceTree = "<group>";
		};
		7DBC35FD2959F38A00AB3A73 /* DungeonOOP */ = {
			isa = PBXGroup;
			children = (
				7DBC35FE2959F38A00AB3A73 /* AppDelegate.swift */,
				7DBC36002959F38A00AB3A73 /* ViewController.swift */,
				7DBC36022959F38A00AB3A73 /* Assets.xcassets */,
				7DBC36042959F38A00AB3A73 /* Main.storyboard */,
				7DBC36072959F38A00AB3A73 /* DungeonOOP.entitlements */,
			);
			path = DungeonOOP;
			sourceTree = "<group>";
		};
		7DBC360F2959F38B00AB3A73 /* DungeonOOPTests */ = {
			isa = PBXGroup;
			children = (
				7DBC36102959F38B00AB3A73 /* DungeonOOPTests.swift */,
			);
			path = DungeonOOPTests;
			sourceTree = "<group>";
		};
		7DBC36192959F38B00AB3A73 /* DungeonOOPUITests */ = {
			isa = PBXGroup;
			children = (
				7DBC361A2959F38B00AB3A73 /* DungeonOOPUITests.swift */,
				7DBC361C2959F38B00AB3A73 /* DungeonOOPUITestsLaunchTests.swift */,
			);
			path = DungeonOOPUITests;
			sourceTree = "<group>";
		};
/* End PBXGroup section */

/* Begin PBXNativeTarget section */
		7DBC35FA2959F38A00AB3A73 /* DungeonOOP */ = {
			isa = PBXNativeTarget;
			buildConfigurationList = 7DBC36202959F38B00AB3A73 /* Build configuration list for PBXNativeTarget "DungeonOOP" */;
			buildPhases = (
				7DBC35F72959F38A00AB3A73 /* Sources */,
				7DBC35F82959F38A00AB3A73 /* Frameworks */,
				7DBC35F92959F38A00AB3A73 /* Resources */,
			);
			buildRules = (
			);
			dependencies = (
			);
			name = DungeonOOP;
			productName = DungeonOOP;
			productReference = 7DBC35FB2959F38A00AB3A73 /* DungeonOOP.app */;
			productType = "com.apple.product-type.application";
		};
		7DBC360B2959F38B00AB3A73 /* DungeonOOPTests */ = {
			isa = PBXNativeTarget;
			buildConfigurationList = 7DBC36232959F38B00AB3A73 /* Build configuration list for PBXNativeTarget "DungeonOOPTests" */;
			buildPhases = (
				7DBC36082959F38B00AB3A73 /* Sources */,
				7DBC36092959F38B00AB3A73 /* Frameworks */,
				7DBC360A2959F38B00AB3A73 /* Resources */,
			);
			buildRules = (
			);
			dependencies = (
				7DBC360E2959F38B00AB3A73 /* PBXTargetDependency */,
			);
			name = DungeonOOPTests;
			productName = DungeonOOPTests;
			productReference = 7DBC360C2959F38B00AB3A73 /* DungeonOOPTests.xctest */;
			productType = "com.apple.product-type.bundle.unit-test";
		};
		7DBC36152959F38B00AB3A73 /* DungeonOOPUITests */ = {
			isa = PBXNativeTarget;
			buildConfigurationList = 7DBC36262959F38B00AB3A73 /* Build configuration list for PBXNativeTarget "DungeonOOPUITests" */;
			buildPhases = (
				7DBC36122959F38B00AB3A73 /* Sources */,
				7DBC36132959F38B00AB3A73 /* Frameworks */,
				7DBC36142959F38B00AB3A73 /* Resources */,
			);
			buildRules = (
			);
			dependencies = (
				7DBC36182959F38B00AB3A73 /* PBXTargetDependency */,
			);
			name = DungeonOOPUITests;
			productName = DungeonOOPUITests;
			productReference = 7DBC36162959F38B00AB3A73 /* DungeonOOPUITests.xctest */;
			productType = "com.apple.product-type.bundle.ui-testing";
		};
/* End PBXNativeTarget section */

/* Begin PBXProject section */
		7DBC35F32959F38A00AB3A73 /* Project object */ = {
			isa = PBXProject;
			attributes = {
				BuildIndependentTargetsInParallel = 1;
				LastSwiftUpdateCheck = 1400;
				LastUpgradeCheck = 1400;
				TargetAttributes = {
					7DBC35FA2959F38A00AB3A73 = {
						CreatedOnToolsVersion = 14.0.1;
					};
					7DBC360B2959F38B00AB3A73 = {
						CreatedOnToolsVersion = 14.0.1;
						TestTargetID = 7DBC35FA2959F38A00AB3A73;
					};
					7DBC36152959F38B00AB3A73 = {
						CreatedOnToolsVersion = 14.0.1;
						TestTargetID = 7DBC35FA2959F38A00AB3A73;
					};
				};
			};
			buildConfigurationList = 7DBC35F62959F38A00AB3A73 /* Build configuration list for PBXProject "DungeonOOP" */;
			compatibilityVersion = "Xcode 14.0";
			developmentRegion = en;
			hasScannedForEncodings = 0;
			knownRegions = (
				en,
				Base,
			);
			mainGroup = 7DBC35F22959F38A00AB3A73;
			productRefGroup = 7DBC35FC2959F38A00AB3A73 /* Products */;
			projectDirPath = "";
			projectRoot = "";
			targets = (
				7DBC35FA2959F38A00AB3A73 /* DungeonOOP */,
				7DBC360B2959F38B00AB3A73 /* DungeonOOPTests */,
				7DBC36152959F38B00AB3A73 /* DungeonOOPUITests */,
			);
		};
/* End PBXProject section */

/* Begin PBXResourcesBuildPhase section */
		7DBC35F92959F38A00AB3A73 /* Resources */ = {
			isa = PBXResourcesBuildPhase;
			buildActionMask = 2147483647;
			files = (
				7DBC36032959F38A00AB3A73 /* Assets.xcassets in Resources */,
				7DBC36062959F38A00AB3A73 /* Main.storyboard in Resources */,
			);
			runOnlyForDeploymentPostprocessing = 0;
		};
		7DBC360A2959F38B00AB3A73 /* Resources */ = {
			isa = PBXResourcesBuildPhase;
			buildActionMask = 2147483647;
			files = (
			);
			runOnlyForDeploymentPostprocessing = 0;
		};
		7DBC36142959F38B00AB3A73 /* Resources */ = {
			isa = PBXResourcesBuildPhase;
			buildActionMask = 2147483647;
			files = (
			);
			runOnlyForDeploymentPostprocessing = 0;
		};
/* End PBXResourcesBuildPhase section */

/* Begin PBXSourcesBuildPhase section */
		7DBC35F72959F38A00AB3A73 /* Sources */ = {
			isa = PBXSourcesBuildPhase;
			buildActionMask = 2147483647;
			files = (
				7DBC36012959F38A00AB3A73 /* ViewController.swift in Sources */,
				7DBC35FF2959F38A00AB3A73 /* AppDelegate.swift in Sources */,
			);
			runOnlyForDeploymentPostprocessing = 0;
		};
		7DBC36082959F38B00AB3A73 /* Sources */ = {
			isa = PBXSourcesBuildPhase;
			buildActionMask = 2147483647;
			files = (
				7DBC36112959F38B00AB3A73 /* DungeonOOPTests.swift in Sources */,
			);
			runOnlyForDeploymentPostprocessing = 0;
		};
		7DBC36122959F38B00AB3A73 /* Sources */ = {
			isa = PBXSourcesBuildPhase;
			buildActionMask = 2147483647;
			files = (
				7DBC361D2959F38B00AB3A73 /* DungeonOOPUITestsLaunchTests.swift in Sources */,
				7DBC361B2959F38B00AB3A73 /* DungeonOOPUITests.swift in Sources */,
			);
			runOnlyForDeploymentPostprocessing = 0;
		};
/* End PBXSourcesBuildPhase section */

/* Begin PBXTargetDependency section */
		7DBC360E2959F38B00AB3A73 /* PBXTargetDependency */ = {
			isa = PBXTargetDependency;
			target = 7DBC35FA2959F38A00AB3A73 /* DungeonOOP */;
			targetProxy = 7DBC360D2959F38B00AB3A73 /* PBXContainerItemProxy */;
		};
		7DBC36182959F38B00AB3A73 /* PBXTargetDependency */ = {
			isa = PBXTargetDependency;
			target = 7DBC35FA2959F38A00AB3A73 /* DungeonOOP */;
			targetProxy = 7DBC36172959F38B00AB3A73 /* PBXContainerItemProxy */;
		};
/* End PBXTargetDependency section */

/* Begin PBXVariantGroup section */
		7DBC36042959F38A00AB3A73 /* Main.storyboard */ = {
			isa = PBXVariantGroup;
			children = (
				7DBC36052959F38A00AB3A73 /* Base */,
			);
			name = Main.storyboard;
			sourceTree = "<group>";
		};
/* End PBXVariantGroup section */

/* Begin XCBuildConfiguration section */
		7DBC361E2959F38B00AB3A73 /* Debug */ = {
			isa = XCBuildConfiguration;
			buildSettings = {
				ALWAYS_SEARCH_USER_PATHS = NO;
				CLANG_ANALYZER_NONNULL = YES;
				CLANG_ANALYZER_NUMBER_OBJECT_CONVERSION = YES_AGGRESSIVE;
				CLANG_CXX_LANGUAGE_STANDARD = "gnu++20";
				CLANG_ENABLE_MODULES = YES;
				CLANG_ENABLE_OBJC_ARC = YES;
				CLANG_ENABLE_OBJC_WEAK = YES;
				CLANG_WARN_BLOCK_CAPTURE_AUTORELEASING = YES;
				CLANG_WARN_BOOL_CONVERSION = YES;
				CLANG_WARN_COMMA = YES;
				CLANG_WARN_CONSTANT_CONVERSION = YES;
				CLANG_WARN_DEPRECATED_OBJC_IMPLEMENTATIONS = YES;
				CLANG_WARN_DIRECT_OBJC_ISA_USAGE = YES_ERROR;
				CLANG_WARN_DOCUMENTATION_COMMENTS = YES;
				CLANG_WARN_EMPTY_BODY = YES;
				CLANG_WARN_ENUM_CONVERSION = YES;
				CLANG_WARN_INFINITE_RECURSION = YES;
				CLANG_WARN_INT_CONVERSION = YES;
				CLANG_WARN_NON_LITERAL_NULL_CONVERSION = YES;
				CLANG_WARN_OBJC_IMPLICIT_RETAIN_SELF = YES;
				CLANG_WARN_OBJC_LITERAL_CONVERSION = YES;
				CLANG_WARN_OBJC_ROOT_CLASS = YES_ERROR;
				CLANG_WARN_QUOTED_INCLUDE_IN_FRAMEWORK_HEADER = YES;
				CLANG_WARN_RANGE_LOOP_ANALYSIS = YES;
				CLANG_WARN_STRICT_PROTOTYPES = YES;
				CLANG_WARN_SUSPICIOUS_MOVE = YES;
				CLANG_WARN_UNGUARDED_AVAILABILITY = YES_AGGRESSIVE;
				CLANG_WARN_UNREACHABLE_CODE = YES;
				CLANG_WARN__DUPLICATE_METHOD_MATCH = YES;
				COPY_PHASE_STRIP = NO;
				DEBUG_INFORMATION_FORMAT = dwarf;
				ENABLE_STRICT_OBJC_MSGSEND = YES;
				ENABLE_TESTABILITY = YES;
				GCC_C_LANGUAGE_STANDARD = gnu11;
				GCC_DYNAMIC_NO_PIC = NO;
				GCC_NO_COMMON_BLOCKS = YES;
				GCC_OPTIMIZATION_LEVEL = 0;
				GCC_PREPROCESSOR_DEFINITIONS = (
					"DEBUG=1",
					"$(inherited)",
				);
				GCC_WARN_64_TO_32_BIT_CONVERSION = YES;
				GCC_WARN_ABOUT_RETURN_TYPE = YES_ERROR;
				GCC_WARN_UNDECLARED_SELECTOR = YES;
				GCC_WARN_UNINITIALIZED_AUTOS = YES_AGGRESSIVE;
				GCC_WARN_UNUSED_FUNCTION = YES;
				GCC_WARN_UNUSED_VARIABLE = YES;
				MACOSX_DEPLOYMENT_TARGET = 12.3;
				MTL_ENABLE_DEBUG_INFO = INCLUDE_SOURCE;
				MTL_FAST_MATH = YES;
				ONLY_ACTIVE_ARCH = YES;
				SDKROOT = macosx;
				SWIFT_ACTIVE_COMPILATION_CONDITIONS = DEBUG;
				SWIFT_OPTIMIZATION_LEVEL = "-Onone";
			};
			name = Debug;
		};
		7DBC361F2959F38B00AB3A73 /* Release */ = {
			isa = XCBuildConfiguration;
			buildSettings = {
				ALWAYS_SEARCH_USER_PATHS = NO;
				CLANG_ANALYZER_NONNULL = YES;
				CLANG_ANALYZER_NUMBER_OBJECT_CONVERSION = YES_AGGRESSIVE;
				CLANG_CXX_LANGUAGE_STANDARD = "gnu++20";
				CLANG_ENABLE_MODULES = YES;
				CLANG_ENABLE_OBJC_ARC = YES;
				CLANG_ENABLE_OBJC_WEAK = YES;
				CLANG_WARN_BLOCK_CAPTURE_AUTORELEASING = YES;
				CLANG_WARN_BOOL_CONVERSION = YES;
				CLANG_WARN_COMMA = YES;
				CLANG_WARN_CONSTANT_CONVERSION = YES;
				CLANG_WARN_DEPRECATED_OBJC_IMPLEMENTATIONS = YES;
				CLANG_WARN_DIRECT_OBJC_ISA_USAGE = YES_ERROR;
				CLANG_WARN_DOCUMENTATION_COMMENTS = YES;
				CLANG_WARN_EMPTY_BODY = YES;
				CLANG_WARN_ENUM_CONVERSION = YES;
				CLANG_WARN_INFINITE_RECURSION = YES;
				CLANG_WARN_INT_CONVERSION = YES;
				CLANG_WARN_NON_LITERAL_NULL_CONVERSION = YES;
				CLANG_WARN_OBJC_IMPLICIT_RETAIN_SELF = YES;
				CLANG_WARN_OBJC_LITERAL_CONVERSION = YES;
				CLANG_WARN_OBJC_ROOT_CLASS = YES_ERROR;
				CLANG_WARN_QUOTED_INCLUDE_IN_FRAMEWORK_HEADER = YES;
				CLANG_WARN_RANGE_LOOP_ANALYSIS = YES;
				CLANG_WARN_STRICT_PROTOTYPES = YES;
				CLANG_WARN_SUSPICIOUS_MOVE = YES;
				CLANG_WARN_UNGUARDED_AVAILABILITY = YES_AGGRESSIVE;
				CLANG_WARN_UNREACHABLE_CODE = YES;
				CLANG_WARN__DUPLICATE_METHOD_MATCH = YES;
				COPY_PHASE_STRIP = NO;
				DEBUG_INFORMATION_FORMAT = "dwarf-with-dsym";
				ENABLE_NS_ASSERTIONS = NO;
				ENABLE_STRICT_OBJC_MSGSEND = YES;
				GCC_C_LANGUAGE_STANDARD = gnu11;
				GCC_NO_COMMON_BLOCKS = YES;
				GCC_WARN_64_TO_32_BIT_CONVERSION = YES;
				GCC_WARN_ABOUT_RETURN_TYPE = YES_ERROR;
				GCC_WARN_UNDECLARED_SELECTOR = YES;
				GCC_WARN_UNINITIALIZED_AUTOS = YES_AGGRESSIVE;
				GCC_WARN_UNUSED_FUNCTION = YES;
				GCC_WARN_UNUSED_VARIABLE = YES;
				MACOSX_DEPLOYMENT_TARGET = 12.3;
				MTL_ENABLE_DEBUG_INFO = NO;
				MTL_FAST_MATH = YES;
				SDKROOT = macosx;
				SWIFT_COMPILATION_MODE = wholemodule;
				SWIFT_OPTIMIZATION_LEVEL = "-O";
			};
			name = Release;
		};
		7DBC36212959F38B00AB3A73 /* Debug */ = {
			isa = XCBuildConfiguration;
			buildSettings = {
				ASSETCATALOG_COMPILER_APPICON_NAME = AppIcon;
				ASSETCATALOG_COMPILER_GLOBAL_ACCENT_COLOR_NAME = AccentColor;
				CODE_SIGN_ENTITLEMENTS = DungeonOOP/DungeonOOP.entitlements;
				CODE_SIGN_STYLE = Automatic;
				COMBINE_HIDPI_IMAGES = YES;
				CURRENT_PROJECT_VERSION = 1;
				DEVELOPMENT_TEAM = 2HBB3G8HCG;
				ENABLE_HARDENED_RUNTIME = YES;
				GENERATE_INFOPLIST_FILE = YES;
				INFOPLIST_KEY_NSHumanReadableCopyright = "";
				INFOPLIST_KEY_NSMainStoryboardFile = Main;
				INFOPLIST_KEY_NSPrincipalClass = NSApplication;
				LD_RUNPATH_SEARCH_PATHS = (
					"$(inherited)",
					"@executable_path/../Frameworks",
				);
				MARKETING_VERSION = 1.0;
				PRODUCT_BUNDLE_IDENTIFIER = com.borkware.DungeonOOP;
				PRODUCT_NAME = "$(TARGET_NAME)";
				SWIFT_EMIT_LOC_STRINGS = YES;
				SWIFT_VERSION = 5.0;
			};
			name = Debug;
		};
		7DBC36222959F38B00AB3A73 /* Release */ = {
			isa = XCBuildConfiguration;
			buildSettings = {
				ASSETCATALOG_COMPILER_APPICON_NAME = AppIcon;
				ASSETCATALOG_COMPILER_GLOBAL_ACCENT_COLOR_NAME = AccentColor;
				CODE_SIGN_ENTITLEMENTS = DungeonOOP/DungeonOOP.entitlements;
				CODE_SIGN_STYLE = Automatic;
				COMBINE_HIDPI_IMAGES = YES;
				CURRENT_PROJECT_VERSION = 1;
				DEVELOPMENT_TEAM = 2HBB3G8HCG;
				ENABLE_HARDENED_RUNTIME = YES;
				GENERATE_INFOPLIST_FILE = YES;
				INFOPLIST_KEY_NSHumanReadableCopyright = "";
				INFOPLIST_KEY_NSMainStoryboardFile = Main;
				INFOPLIST_KEY_NSPrincipalClass = NSApplication;
				LD_RUNPATH_SEARCH_PATHS = (
					"$(inherited)",
					"@executable_path/../Frameworks",
				);
				MARKETING_VERSION = 1.0;
				PRODUCT_BUNDLE_IDENTIFIER = com.borkware.DungeonOOP;
				PRODUCT_NAME = "$(TARGET_NAME)";
				SWIFT_EMIT_LOC_STRINGS = YES;
				SWIFT_VERSION = 5.0;
			};
			name = Release;
		};
		7DBC36242959F38B00AB3A73 /* Debug */ = {
			isa = XCBuildConfiguration;
			buildSettings = {
				ALWAYS_EMBED_SWIFT_STANDARD_LIBRARIES = YES;
				BUNDLE_LOADER = "$(TEST_HOST)";
				CODE_SIGN_STYLE = Automatic;
				CURRENT_PROJECT_VERSION = 1;
				DEVELOPMENT_TEAM = 2HBB3G8HCG;
				GENERATE_INFOPLIST_FILE = YES;
				MACOSX_DEPLOYMENT_TARGET = 12.3;
				MARKETING_VERSION = 1.0;
				PRODUCT_BUNDLE_IDENTIFIER = com.borkware.DungeonOOPTests;
				PRODUCT_NAME = "$(TARGET_NAME)";
				SWIFT_EMIT_LOC_STRINGS = NO;
				SWIFT_VERSION = 5.0;
				TEST_HOST = "$(BUILT_PRODUCTS_DIR)/DungeonOOP.app/$(BUNDLE_EXECUTABLE_FOLDER_PATH)/DungeonOOP";
			};
			name = Debug;
		};
		7DBC36252959F38B00AB3A73 /* Release */ = {
			isa = XCBuildConfiguration;
			buildSettings = {
				ALWAYS_EMBED_SWIFT_STANDARD_LIBRARIES = YES;
				BUNDLE_LOADER = "$(TEST_HOST)";
				CODE_SIGN_STYLE = Automatic;
				CURRENT_PROJECT_VERSION = 1;
				DEVELOPMENT_TEAM = 2HBB3G8HCG;
				GENERATE_INFOPLIST_FILE = YES;
				MACOSX_DEPLOYMENT_TARGET = 12.3;
				MARKETING_VERSION = 1.0;
				PRODUCT_BUNDLE_IDENTIFIER = com.borkware.DungeonOOPTests;
				PRODUCT_NAME = "$(TARGET_NAME)";
				SWIFT_EMIT_LOC_STRINGS = NO;
				SWIFT_VERSION = 5.0;
				TEST_HOST = "$(BUILT_PRODUCTS_DIR)/DungeonOOP.app/$(BUNDLE_EXECUTABLE_FOLDER_PATH)/DungeonOOP";
			};
			name = Release;
		};
		7DBC36272959F38B00AB3A73 /* Debug */ = {
			isa = XCBuildConfiguration;
			buildSettings = {
				ALWAYS_EMBED_SWIFT_STANDARD_LIBRARIES = YES;
				CODE_SIGN_STYLE = Automatic;
				CURRENT_PROJECT_VERSION = 1;
				DEVELOPMENT_TEAM = 2HBB3G8HCG;
				GENERATE_INFOPLIST_FILE = YES;
				MARKETING_VERSION = 1.0;
				PRODUCT_BUNDLE_IDENTIFIER = com.borkware.DungeonOOPUITests;
				PRODUCT_NAME = "$(TARGET_NAME)";
				SWIFT_EMIT_LOC_STRINGS = NO;
				SWIFT_VERSION = 5.0;
				TEST_TARGET_NAME = DungeonOOP;
			};
			name = Debug;
		};
		7DBC36282959F38B00AB3A73 /* Release */ = {
			isa = XCBuildConfiguration;
			buildSettings = {
				ALWAYS_EMBED_SWIFT_STANDARD_LIBRARIES = YES;
				CODE_SIGN_STYLE = Automatic;
				CURRENT_PROJECT_VERSION = 1;
				DEVELOPMENT_TEAM = 2HBB3G8HCG;
				GENERATE_INFOPLIST_FILE = YES;
				MARKETING_VERSION = 1.0;
				PRODUCT_BUNDLE_IDENTIFIER = com.borkware.DungeonOOPUITests;
				PRODUCT_NAME = "$(TARGET_NAME)";
				SWIFT_EMIT_LOC_STRINGS = NO;
				SWIFT_VERSION = 5.0;
				TEST_TARGET_NAME = DungeonOOP;
			};
			name = Release;
		};
/* End XCBuildConfiguration section */

/* Begin XCConfigurationList section */
		7DBC35F62959F38A00AB3A73 /* Build configuration list for PBXProject "DungeonOOP" */ = {
			isa = XCConfigurationList;
			buildConfigurations = (
				7DBC361E2959F38B00AB3A73 /* Debug */,
				7DBC361F2959F38B00AB3A73 /* Release */,
			);
			defaultConfigurationIsVisible = 0;
			defaultConfigurationName = Release;
		};
		7DBC36202959F38B00AB3A73 /* Build configuration list for PBXNativeTarget "DungeonOOP" */ = {
			isa = XCConfigurationList;
			buildConfigurations = (
				7DBC36212959F38B00AB3A73 /* Debug */,
				7DBC36222959F38B00AB3A73 /* Release */,
			);
			defaultConfigurationIsVisible = 0;
			defaultConfigurationName = Release;
		};
		7DBC36232959F38B00AB3A73 /* Build configuration list for PBXNativeTarget "DungeonOOPTests" */ = {
			isa = XCConfigurationList;
			buildConfigurations = (
				7DBC36242959F38B00AB3A73 /* Debug */,
				7DBC36252959F38B00AB3A73 /* Release */,
			);
			defaultConfigurationIsVisible = 0;
			defaultConfigurationName = Release;
		};
		7DBC36262959F38B00AB3A73 /* Build configuration list for PBXNativeTarget "DungeonOOPUITests" */ = {
			isa = XCConfigurationList;
			buildConfigurations = (
				7DBC36272959F38B00AB3A73 /* Debug */,
				7DBC36282959F38B00AB3A73 /* Release */,
			);
			defaultConfigurationIsVisible = 0;
			defaultConfigurationName = Release;
		};
/* End XCConfigurationList section */
	};
	rootObject = 7DBC35F32959F38A00AB3A73 /* Project object */;
}
